{
  "name": "24h-testers",
  "version": "1.0.0",
  "lockfileVersion": 3,
  "requires": true,
  "packages": {
    "": {
      "name": "24h-testers",
      "version": "1.0.0",
      "license": "ISC",
      "dependencies": {
        "@ucp-js/sdk": "^0.1.0",
        "ucp": "^0.0.0",
        "ucp-content": "^0.1.10"
      }
    },
    "node_modules/@ucp-js/sdk": {
      "version": "0.1.0",
      "resolved": "https://registry.npmjs.org/@ucp-js/sdk/-/sdk-0.1.0.tgz",
      "integrity": "sha512-Elgaxj5mhHobebeUjwpg6dh+b5uE01/efJo6Xq2UDk7P/rvXgPwi74aTMYL3XgAqWIeijerI5Hid1c6I549yoQ==",
      "license": "Apache-2.0",
      "dependencies": {
        "zod": "^3.23.8"
      }
    },
    "node_modules/napi-macros": {
      "version": "2.2.2",
      "resolved": "https://registry.npmjs.org/napi-macros/-/napi-macros-2.2.2.tgz",
      "integrity": "sha512-hmEVtAGYzVQpCKdbQea4skABsdXW4RUh5t5mJ2zzqowJS2OyXZTU1KhDVFhx+NlWZ4ap9mqR9TcDO3LTTttd+g==",
      "license": "MIT"
    },
    "node_modules/ucp": {
      "version": "0.0.0",
      "resolved": "https://registry.npmjs.org/ucp/-/ucp-0.0.0.tgz",
      "integrity": "sha512-wdd+Ec1wy7hDIw8Z0WozBjvduw+bUZ9n0xUI0bi70T9lEyt5txHLiMz8zux6Ubet+sejsEtQTTSUEq8rIYbv4w==",
      "hasInstallScript": true,
      "license": "MIT",
      "dependencies": {
        "napi-macros": "^2.0.0"
      }
    },
    "node_modules/ucp-content": {
      "version": "0.1.10",
      "resolved": "https://registry.npmjs.org/ucp-content/-/ucp-content-0.1.10.tgz",
      "integrity": "sha512-/997mmQgUYcu4luxvr97O2CIpGy5E/MyI60Q4Vvj108lAt80lFznPQMp4D2BRkD2oZFuVDbo1cJIuP5EUyadZw==",
      "license": "MIT"
    },
    "node_modules/zod": {
      "version": "3.25.76",
      "resolved": "https://registry.npmjs.org/zod/-/zod-3.25.76.tgz",
      "integrity": "sha512-gzUt/qt81nXsFGKIFcC3YnfEAx5NkunCfnDlvuBSSFS02bcXu4Lmea0AFIUwbLWxWPx3d9p8S5QoaujKcNQxcQ==",
      "license": "MIT",
      "funding": {
        "url": "https://github.com/sponsors/colinhacks"
      }
    }
  }
}
